
Microsoft Visual Studio Solution File, Format Version 12.00
# Visual Studio Version 17
VisualStudioVersion = 17.1.32210.238
MinimumVisualStudioVersion = 10.0.40219.1
Project("{9A19103F-16F7-4668-BE54-9A1E7A4F7556}") = "EPiServer.Templates", "templates\EPiServer.Templates.csproj", "{8B343E37-F699-461C-8755-8D371CC82EAC}"
EndProject
Project("{2150E333-8FDC-42A3-9474-1A3956D46DE8}") = "templates", "templates", "{350B8822-08B0-47CE-9295-9D379C42A718}"
EndProject
Project("{9A19103F-16F7-4668-BE54-9A1E7A4F7556}") = "Alloy.Mvc", "templates\Alloy.Mvc\Alloy.Mvc.1.csproj", "{D26A321A-ED45-42C4-9792-1C64A969C70B}"
EndProject
Project("{9A19103F-16F7-4668-BE54-9A1E7A4F7556}") = "Cms.Empty", "templates\Cms.Empty\Cms.Empty.1.csproj", "{A64C6372-EC36-4F19-B2AD-8A2185AAC015}"
EndProject
Project("{9A19103F-16F7-4668-BE54-9A1E7A4F7556}") = "Commerce.Empty", "templates\Commerce.Empty\Commerce.Empty.1.csproj", "{9B5A3754-D23E-4032-A09D-5568F935F34F}"
EndProject
Project("{2150E333-8FDC-42A3-9474-1A3956D46DE8}") = "build", "build", "{8F2A1A07-7B50-4060-89B0-B53021C3F593}"
	ProjectSection(SolutionItems) = preProject
		build\codeanalysis.props = build\codeanalysis.props
		build\version.props = build\version.props
	EndProjectSection
EndProject
Project("{2150E333-8FDC-42A3-9474-1A3956D46DE8}") = "global", "global", "{676E7660-E2DE-4677-991A-BA299122847E}"
	ProjectSection(SolutionItems) = preProject
		.editorConfig = .editorConfig
		.gitignore = .gitignore
		Directory.Build.props = Directory.Build.props
		global.json = global.json
		nuget.config = nuget.config
		README.md = README.md
		stylecop.json = stylecop.json
	EndProjectSection
EndProject
Project("{2150E333-8FDC-42A3-9474-1A3956D46DE8}") = "workflows", "workflows", "{0FC00D98-1708-47C9-A126-B4AC4C4C5260}"
	ProjectSection(SolutionItems) = preProject
		.github\workflows\ci.yml = .github\workflows\ci.yml
		.github\workflows\release.yml = .github\workflows\release.yml
	EndProjectSection
EndProject
Project("{9A19103F-16F7-4668-BE54-9A1E7A4F7556}") = "Cms.Item", "templates\Cms.Item\Cms.Item.csproj", "{08ACA24C-AC25-4391-BDBA-D309EED6C80E}"
EndProject
Global
	GlobalSection(SolutionConfigurationPlatforms) = preSolution
		Debug|Any CPU = Debug|Any CPU
		Debug|x64 = Debug|x64
		Debug|x86 = Debug|x86
		Release|Any CPU = Release|Any CPU
		Release|x64 = Release|x64
		Release|x86 = Release|x86
	EndGlobalSection
	GlobalSection(ProjectConfigurationPlatforms) = postSolution
		{8B343E37-F699-461C-8755-8D371CC82EAC}.Debug|Any CPU.ActiveCfg = Debug|Any CPU
		{8B343E37-F699-461C-8755-8D371CC82EAC}.Debug|Any CPU.Build.0 = Debug|Any CPU
		{8B343E37-F699-461C-8755-8D371CC82EAC}.Debug|x64.ActiveCfg = Debug|Any CPU
		{8B343E37-F699-461C-8755-8D371CC82EAC}.Debug|x64.Build.0 = Debug|Any CPU
		{8B343E37-F699-461C-8755-8D371CC82EAC}.Debug|x86.ActiveCfg = Debug|Any CPU
		{8B343E37-F699-461C-8755-8D371CC82EAC}.Debug|x86.Build.0 = Debug|Any CPU
		{8B343E37-F699-461C-8755-8D371CC82EAC}.Release|Any CPU.ActiveCfg = Release|Any CPU
		{8B343E37-F699-461C-8755-8D371CC82EAC}.Release|Any CPU.Build.0 = Release|Any CPU
		{8B343E37-F699-461C-8755-8D371CC82EAC}.Release|x64.ActiveCfg = Release|Any CPU
		{8B343E37-F699-461C-8755-8D371CC82EAC}.Release|x64.Build.0 = Release|Any CPU
		{8B343E37-F699-461C-8755-8D371CC82EAC}.Release|x86.ActiveCfg = Release|Any CPU
		{8B343E37-F699-461C-8755-8D371CC82EAC}.Release|x86.Build.0 = Release|Any CPU
		{D26A321A-ED45-42C4-9792-1C64A969C70B}.Debug|Any CPU.ActiveCfg = Debug|Any CPU
		{D26A321A-ED45-42C4-9792-1C64A969C70B}.Debug|Any CPU.Build.0 = Debug|Any CPU
		{D26A321A-ED45-42C4-9792-1C64A969C70B}.Debug|x64.ActiveCfg = Debug|Any CPU
		{D26A321A-ED45-42C4-9792-1C64A969C70B}.Debug|x64.Build.0 = Debug|Any CPU
		{D26A321A-ED45-42C4-9792-1C64A969C70B}.Debug|x86.ActiveCfg = Debug|Any CPU
		{D26A321A-ED45-42C4-9792-1C64A969C70B}.Debug|x86.Build.0 = Debug|Any CPU
		{D26A321A-ED45-42C4-9792-1C64A969C70B}.Release|Any CPU.ActiveCfg = Release|Any CPU
		{D26A321A-ED45-42C4-9792-1C64A969C70B}.Release|Any CPU.Build.0 = Release|Any CPU
		{D26A321A-ED45-42C4-9792-1C64A969C70B}.Release|x64.ActiveCfg = Release|Any CPU
		{D26A321A-ED45-42C4-9792-1C64A969C70B}.Release|x64.Build.0 = Release|Any CPU
		{D26A321A-ED45-42C4-9792-1C64A969C70B}.Release|x86.ActiveCfg = Release|Any CPU
		{D26A321A-ED45-42C4-9792-1C64A969C70B}.Release|x86.Build.0 = Release|Any CPU
		{A64C6372-EC36-4F19-B2AD-8A2185AAC015}.Debug|Any CPU.ActiveCfg = Debug|Any CPU
		{A64C6372-EC36-4F19-B2AD-8A2185AAC015}.Debug|Any CPU.Build.0 = Debug|Any CPU
		{A64C6372-EC36-4F19-B2AD-8A2185AAC015}.Debug|x64.ActiveCfg = Debug|Any CPU
		{A64C6372-EC36-4F19-B2AD-8A2185AAC015}.Debug|x64.Build.0 = Debug|Any CPU
		{A64C6372-EC36-4F19-B2AD-8A2185AAC015}.Debug|x86.ActiveCfg = Debug|Any CPU
		{A64C6372-EC36-4F19-B2AD-8A2185AAC015}.Debug|x86.Build.0 = Debug|Any CPU
		{A64C6372-EC36-4F19-B2AD-8A2185AAC015}.Release|Any CPU.ActiveCfg = Release|Any CPU
		{A64C6372-EC36-4F19-B2AD-8A2185AAC015}.Release|Any CPU.Build.0 = Release|Any CPU
		{A64C6372-EC36-4F19-B2AD-8A2185AAC015}.Release|x64.ActiveCfg = Release|Any CPU
		{A64C6372-EC36-4F19-B2AD-8A2185AAC015}.Release|x64.Build.0 = Release|Any CPU
		{A64C6372-EC36-4F19-B2AD-8A2185AAC015}.Release|x86.ActiveCfg = Release|Any CPU
		{A64C6372-EC36-4F19-B2AD-8A2185AAC015}.Release|x86.Build.0 = Release|Any CPU
		{9B5A3754-D23E-4032-A09D-5568F935F34F}.Debug|Any CPU.ActiveCfg = Debug|Any CPU
		{9B5A3754-D23E-4032-A09D-5568F935F34F}.Debug|Any CPU.Build.0 = Debug|Any CPU
		{9B5A3754-D23E-4032-A09D-5568F935F34F}.Debug|x64.ActiveCfg = Debug|Any CPU
		{9B5A3754-D23E-4032-A09D-5568F935F34F}.Debug|x64.Build.0 = Debug|Any CPU
		{9B5A3754-D23E-4032-A09D-5568F935F34F}.Debug|x86.ActiveCfg = Debug|Any CPU
		{9B5A3754-D23E-4032-A09D-5568F935F34F}.Debug|x86.Build.0 = Debug|Any CPU
		{9B5A3754-D23E-4032-A09D-5568F935F34F}.Release|Any CPU.ActiveCfg = Release|Any CPU
		{9B5A3754-D23E-4032-A09D-5568F935F34F}.Release|Any CPU.Build.0 = Release|Any CPU
		{9B5A3754-D23E-4032-A09D-5568F935F34F}.Release|x64.ActiveCfg = Release|Any CPU
		{9B5A3754-D23E-4032-A09D-5568F935F34F}.Release|x64.Build.0 = Release|Any CPU
		{9B5A3754-D23E-4032-A09D-5568F935F34F}.Release|x86.ActiveCfg = Release|Any CPU
		{9B5A3754-D23E-4032-A09D-5568F935F34F}.Release|x86.Build.0 = Release|Any CPU
		{08ACA24C-AC25-4391-BDBA-D309EED6C80E}.Debug|Any CPU.ActiveCfg = Debug|Any CPU
		{08ACA24C-AC25-4391-BDBA-D309EED6C80E}.Debug|Any CPU.Build.0 = Debug|Any CPU
		{08ACA24C-AC25-4391-BDBA-D309EED6C80E}.Debug|x64.ActiveCfg = Debug|Any CPU
		{08ACA24C-AC25-4391-BDBA-D309EED6C80E}.Debug|x64.Build.0 = Debug|Any CPU
		{08ACA24C-AC25-4391-BDBA-D309EED6C80E}.Debug|x86.ActiveCfg = Debug|Any CPU
		{08ACA24C-AC25-4391-BDBA-D309EED6C80E}.Debug|x86.Build.0 = Debug|Any CPU
		{08ACA24C-AC25-4391-BDBA-D309EED6C80E}.Release|Any CPU.ActiveCfg = Release|Any CPU
		{08ACA24C-AC25-4391-BDBA-D309EED6C80E}.Release|Any CPU.Build.0 = Release|Any CPU
		{08ACA24C-AC25-4391-BDBA-D309EED6C80E}.Release|x64.ActiveCfg = Release|Any CPU
		{08ACA24C-AC25-4391-BDBA-D309EED6C80E}.Release|x64.Build.0 = Release|Any CPU
		{08ACA24C-AC25-4391-BDBA-D309EED6C80E}.Release|x86.ActiveCfg = Release|Any CPU
		{08ACA24C-AC25-4391-BDBA-D309EED6C80E}.Release|x86.Build.0 = Release|Any CPU
	EndGlobalSection
	GlobalSection(SolutionProperties) = preSolution
		HideSolutionNode = FALSE
	EndGlobalSection
	GlobalSection(NestedProjects) = preSolution
		{D26A321A-ED45-42C4-9792-1C64A969C70B} = {350B8822-08B0-47CE-9295-9D379C42A718}
		{A64C6372-EC36-4F19-B2AD-8A2185AAC015} = {350B8822-08B0-47CE-9295-9D379C42A718}
		{9B5A3754-D23E-4032-A09D-5568F935F34F} = {350B8822-08B0-47CE-9295-9D379C42A718}
		{0FC00D98-1708-47C9-A126-B4AC4C4C5260} = {8F2A1A07-7B50-4060-89B0-B53021C3F593}
		{08ACA24C-AC25-4391-BDBA-D309EED6C80E} = {350B8822-08B0-47CE-9295-9D379C42A718}
	EndGlobalSection
	GlobalSection(ExtensibilityGlobals) = postSolution
		SolutionGuid = {6F4B71A0-BE63-44F5-856C-3831FB1C0943}
	EndGlobalSection
EndGlobal
